// !$*UTF8*$!
{
	archiveVersion = 1;
	classes = {
	};
	objectVersion = 52;
	objects = {

/* Begin PBXBuildFile section */
		9652090826B2F04C00E082AB /* ObjectiveChart in Frameworks */ = {isa = PBXBuildFile; productRef = 9652090726B2F04C00E082AB /* ObjectiveChart */; };
		96F0C3EC26B182B300AF1927 /* AppDelegate.swift in Sources */ = {isa = PBXBuildFile; fileRef = 96F0C3EB26B182B300AF1927 /* AppDelegate.swift */; };
		96F0C3EE26B182B300AF1927 /* SceneDelegate.swift in Sources */ = {isa = PBXBuildFile; fileRef = 96F0C3ED26B182B300AF1927 /* SceneDelegate.swift */; };
		96F0C3F026B182B300AF1927 /* ViewController.swift in Sources */ = {isa = PBXBuildFile; fileRef = 96F0C3EF26B182B300AF1927 /* ViewController.swift */; };
		96F0C3F326B182B300AF1927 /* Main.storyboard in Resources */ = {isa = PBXBuildFile; fileRef = 96F0C3F126B182B300AF1927 /* Main.storyboard */; };
		96F0C3F526B182B400AF1927 /* Assets.xcassets in Resources */ = {isa = PBXBuildFile; fileRef = 96F0C3F426B182B400AF1927 /* Assets.xcassets */; };
		96F0C3F826B182B400AF1927 /* LaunchScreen.storyboard in Resources */ = {isa = PBXBuildFile; fileRef = 96F0C3F626B182B400AF1927 /* LaunchScreen.storyboard */; };
/* End PBXBuildFile section */

/* Begin PBXFileReference section */
		96F0C3E826B182B300AF1927 /* ObjectiveChartExample.app */ = {isa = PBXFileReference; explicitFileType = wrapper.application; includeInIndex = 0; path = ObjectiveChartExample.app; sourceTree = BUILT_PRODUCTS_DIR; };
		96F0C3EB26B182B300AF1927 /* AppDelegate.swift */ = {isa = PBXFileReference; lastKnownFileType = sourcecode.swift; path = AppDelegate.swift; sourceTree = "<group>"; };
		96F0C3ED26B182B300AF1927 /* SceneDelegate.swift */ = {isa = PBXFileReference; lastKnownFileType = sourcecode.swift; path = SceneDelegate.swift; sourceTree = "<group>"; };
		96F0C3EF26B182B300AF1927 /* ViewController.swift */ = {isa = PBXFileReference; lastKnownFileType = sourcecode.swift; path = ViewController.swift; sourceTree = "<group>"; };
		96F0C3F226B182B300AF1927 /* Base */ = {isa = PBXFileReference; lastKnownFileType = file.storyboard; name = Base; path = Base.lproj/Main.storyboard; sourceTree = "<group>"; };
		96F0C3F426B182B400AF1927 /* Assets.xcassets */ = {isa = PBXFileReference; lastKnownFileType = folder.assetcatalog; path = Assets.xcassets; sourceTree = "<group>"; };
		96F0C3F726B182B400AF1927 /* Base */ = {isa = PBXFileReference; lastKnownFileType = file.storyboard; name = Base; path = Base.lproj/LaunchScreen.storyboard; sourceTree = "<group>"; };
		96F0C3F926B182B400AF1927 /* Info.plist */ = {isa = PBXFileReference; lastKnownFileType = text.plist.xml; path = Info.plist; sourceTree = "<group>"; };
/* End PBXFileReference section */

/* Begin PBXFrameworksBuildPhase section */
		96F0C3E526B182B300AF1927 /* Frameworks */ = {
			isa = PBXFrameworksBuildPhase;
			buildActionMask = 2147483647;
			files = (
				9652090826B2F04C00E082AB /* ObjectiveChart in Frameworks */,
			);
			runOnlyForDeploymentPostprocessing = 0;
		};
/* End PBXFrameworksBuildPhase section */

/* Begin PBXGroup section */
		96F0C3DF26B182B300AF1927 = {
			isa = PBXGroup;
			children = (
				96F0C3EA26B182B300AF1927 /* ObjectiveChartExample */,
				96F0C3E926B182B300AF1927 /* Products */,
			);
			sourceTree = "<group>";
		};
		96F0C3E926B182B300AF1927 /* Products */ = {
			isa = PBXGroup;
			children = (
				96F0C3E826B182B300AF1927 /* ObjectiveChartExample.app */,
			);
			name = Products;
			sourceTree = "<group>";
		};
		96F0C3EA26B182B300AF1927 /* ObjectiveChartExample */ = {
			isa = PBXGroup;
			children = (
				96F0C3EB26B182B300AF1927 /* AppDelegate.swift */,
				96F0C3ED26B182B300AF1927 /* SceneDelegate.swift */,
				96F0C3EF26B182B300AF1927 /* ViewController.swift */,
				96F0C3F126B182B300AF1927 /* Main.storyboard */,
				96F0C3F426B182B400AF1927 /* Assets.xcassets */,
				96F0C3F626B182B400AF1927 /* LaunchScreen.storyboard */,
				96F0C3F926B182B400AF1927 /* Info.plist */,
			);
			path = ObjectiveChartExample;
			sourceTree = "<group>";
		};
/* End PBXGroup section */

/* Begin PBXNativeTarget section */
		96F0C3E726B182B300AF1927 /* ObjectiveChartExample */ = {
			isa = PBXNativeTarget;
			buildConfigurationList = 96F0C3FC26B182B400AF1927 /* Build configuration list for PBXNativeTarget "ObjectiveChartExample" */;
			buildPhases = (
				96F0C3E426B182B300AF1927 /* Sources */,
				96F0C3E526B182B300AF1927 /* Frameworks */,
				96F0C3E626B182B300AF1927 /* Resources */,
			);
			buildRules = (
			);
			dependencies = (
			);
			name = ObjectiveChartExample;
			packageProductDependencies = (
				9652090726B2F04C00E082AB /* ObjectiveChart */,
			);
			productName = ObjectiveChartExample;
			productReference = 96F0C3E826B182B300AF1927 /* ObjectiveChartExample.app */;
			productType = "com.apple.product-type.application";
		};
/* End PBXNativeTarget section */

/* Begin PBXProject section */
		96F0C3E026B182B300AF1927 /* Project object */ = {
			isa = PBXProject;
			attributes = {
				LastSwiftUpdateCheck = 1250;
				LastUpgradeCheck = 1250;
				TargetAttributes = {
					96F0C3E726B182B300AF1927 = {
						CreatedOnToolsVersion = 12.5;
					};
				};
			};
			buildConfigurationList = 96F0C3E326B182B300AF1927 /* Build configuration list for PBXProject "ObjectiveChartExample" */;
			compatibilityVersion = "Xcode 9.3";
			developmentRegion = en;
			hasScannedForEncodings = 0;
			knownRegions = (
				en,
				Base,
			);
			mainGroup = 96F0C3DF26B182B300AF1927;
			packageReferences = (
				9652090626B2F04C00E082AB /* XCRemoteSwiftPackageReference "ObjectiveChart" */,
			);
			productRefGroup = 96F0C3E926B182B300AF1927 /* Products */;
			projectDirPath = "";
			projectRoot = "";
			targets = (
				96F0C3E726B182B300AF1927 /* ObjectiveChartExample */,
			);
		};
/* End PBXProject section */

/* Begin PBXResourcesBuildPhase section */
		96F0C3E626B182B300AF1927 /* Resources */ = {
			isa = PBXResourcesBuildPhase;
			buildActionMask = 2147483647;
			files = (
				96F0C3F826B182B400AF1927 /* LaunchScreen.storyboard in Resources */,
				96F0C3F526B182B400AF1927 /* Assets.xcassets in Resources */,
				96F0C3F326B182B300AF1927 /* Main.storyboard in Resources */,
			);
			runOnlyForDeploymentPostprocessing = 0;
		};
/* End PBXResourcesBuildPhase section */

/* Begin PBXSourcesBuildPhase section */
		96F0C3E426B182B300AF1927 /* Sources */ = {
			isa = PBXSourcesBuildPhase;
			buildActionMask = 2147483647;
			files = (
				96F0C3F026B182B300AF1927 /* ViewController.swift in Sources */,
				96F0C3EC26B182B300AF1927 /* AppDelegate.swift in Sources */,
				96F0C3EE26B182B300AF1927 /* SceneDelegate.swift in Sources */,
			);
			runOnlyForDeploymentPostprocessing = 0;
		};
/* End PBXSourcesBuildPhase section */

/* Begin PBXVariantGroup section */
		96F0C3F126B182B300AF1927 /* Main.storyboard */ = {
			isa = PBXVariantGroup;
			children = (
				96F0C3F226B182B300AF1927 /* Base */,
			);
			name = Main.storyboard;
			sourceTree = "<group>";
		};
		96F0C3F626B182B400AF1927 /* LaunchScreen.storyboard */ = {
			isa = PBXVariantGroup;
			children = (
				96F0C3F726B182B400AF1927 /* Base */,
			);
			name = LaunchScreen.storyboard;
			sourceTree = "<group>";
		};
/* End PBXVariantGroup section */

/* Begin XCBuildConfiguration section */
		96F0C3FA26B182B400AF1927 /* Debug */ = {
			isa = XCBuildConfiguration;
			buildSettings = {
				ALWAYS_SEARCH_USER_PATHS = NO;
				CLANG_ANALYZER_NONNULL = YES;
				CLANG_ANALYZER_NUMBER_OBJECT_CONVERSION = YES_AGGRESSIVE;
				CLANG_CXX_LANGUAGE_STANDARD = "gnu++14";
				CLANG_CXX_LIBRARY = "libc++";
				CLANG_ENABLE_MODULES = YES;
				CLANG_ENABLE_OBJC_ARC = YES;
				CLANG_ENABLE_OBJC_WEAK = YES;
				CLANG_WARN_BLOCK_CAPTURE_AUTORELEASING = YES;
				CLANG_WARN_BOOL_CONVERSION = YES;
				CLANG_WARN_COMMA = YES;
				CLANG_WARN_CONSTANT_CONVERSION = YES;
				CLANG_WARN_DEPRECATED_OBJC_IMPLEMENTATIONS = YES;
				CLANG_WARN_DIRECT_OBJC_ISA_USAGE = YES_ERROR;
				CLANG_WARN_DOCUMENTATION_COMMENTS = YES;
				CLANG_WARN_EMPTY_BODY = YES;
				CLANG_WARN_ENUM_CONVERSION = YES;
				CLANG_WARN_INFINITE_RECURSION = YES;
				CLANG_WARN_INT_CONVERSION = YES;
				CLANG_WARN_NON_LITERAL_NULL_CONVERSION = YES;
				CLANG_WARN_OBJC_IMPLICIT_RETAIN_SELF = YES;
				CLANG_WARN_OBJC_LITERAL_CONVERSION = YES;
				CLANG_WARN_OBJC_ROOT_CLASS = YES_ERROR;
				CLANG_WARN_QUOTED_INCLUDE_IN_FRAMEWORK_HEADER = YES;
				CLANG_WARN_RANGE_LOOP_ANALYSIS = YES;
				CLANG_WARN_STRICT_PROTOTYPES = YES;
				CLANG_WARN_SUSPICIOUS_MOVE = YES;
				CLANG_WARN_UNGUARDED_AVAILABILITY = YES_AGGRESSIVE;
				CLANG_WARN_UNREACHABLE_CODE = YES;
				CLANG_WARN__DUPLICATE_METHOD_MATCH = YES;
				COPY_PHASE_STRIP = NO;
				DEBUG_INFORMATION_FORMAT = dwarf;
				ENABLE_STRICT_OBJC_MSGSEND = YES;
				ENABLE_TESTABILITY = YES;
				GCC_C_LANGUAGE_STANDARD = gnu11;
				GCC_DYNAMIC_NO_PIC = NO;
				GCC_NO_COMMON_BLOCKS = YES;
				GCC_OPTIMIZATION_LEVEL = 0;
				GCC_PREPROCESSOR_DEFINITIONS = (
					"DEBUG=1",
					"$(inherited)",
				);
				GCC_WARN_64_TO_32_BIT_CONVERSION = YES;
				GCC_WARN_ABOUT_RETURN_TYPE = YES_ERROR;
				GCC_WARN_UNDECLARED_SELECTOR = YES;
				GCC_WARN_UNINITIALIZED_AUTOS = YES_AGGRESSIVE;
				GCC_WARN_UNUSED_FUNCTION = YES;
				GCC_WARN_UNUSED_VARIABLE = YES;
				IPHONEOS_DEPLOYMENT_TARGET = 14.5;
				MTL_ENABLE_DEBUG_INFO = INCLUDE_SOURCE;
				MTL_FAST_MATH = YES;
				ONLY_ACTIVE_ARCH = YES;
				SDKROOT = iphoneos;
				SWIFT_ACTIVE_COMPILATION_CONDITIONS = DEBUG;
				SWIFT_OPTIMIZATION_LEVEL = "-Onone";
			};
			name = Debug;
		};
		96F0C3FB26B182B400AF1927 /* Release */ = {
			isa = XCBuildConfiguration;
			buildSettings = {
				ALWAYS_SEARCH_USER_PATHS = NO;
				CLANG_ANALYZER_NONNULL = YES;
				CLANG_ANALYZER_NUMBER_OBJECT_CONVERSION = YES_AGGRESSIVE;
				CLANG_CXX_LANGUAGE_STANDARD = "gnu++14";
				CLANG_CXX_LIBRARY = "libc++";
				CLANG_ENABLE_MODULES = YES;
				CLANG_ENABLE_OBJC_ARC = YES;
				CLANG_ENABLE_OBJC_WEAK = YES;
				CLANG_WARN_BLOCK_CAPTURE_AUTORELEASING = YES;
				CLANG_WARN_BOOL_CONVERSION = YES;
				CLANG_WARN_COMMA = YES;
				CLANG_WARN_CONSTANT_CONVERSION = YES;
				CLANG_WARN_DEPRECATED_OBJC_IMPLEMENTATIONS = YES;
				CLANG_WARN_DIRECT_OBJC_ISA_USAGE = YES_ERROR;
				CLANG_WARN_DOCUMENTATION_COMMENTS = YES;
				CLANG_WARN_EMPTY_BODY = YES;
				CLANG_WARN_ENUM_CONVERSION = YES;
				CLANG_WARN_INFINITE_RECURSION = YES;
				CLANG_WARN_INT_CONVERSION = YES;
				CLANG_WARN_NON_LITERAL_NULL_CONVERSION = YES;
				CLANG_WARN_OBJC_IMPLICIT_RETAIN_SELF = YES;
				CLANG_WARN_OBJC_LITERAL_CONVERSION = YES;
				CLANG_WARN_OBJC_ROOT_CLASS = YES_ERROR;
				CLANG_WARN_QUOTED_INCLUDE_IN_FRAMEWORK_HEADER = YES;
				CLANG_WARN_RANGE_LOOP_ANALYSIS = YES;
				CLANG_WARN_STRICT_PROTOTYPES = YES;
				CLANG_WARN_SUSPICIOUS_MOVE = YES;
				CLANG_WARN_UNGUARDED_AVAILABILITY = YES_AGGRESSIVE;
				CLANG_WARN_UNREACHABLE_CODE = YES;
				CLANG_WARN__DUPLICATE_METHOD_MATCH = YES;
				COPY_PHASE_STRIP = NO;
				DEBUG_INFORMATION_FORMAT = "dwarf-with-dsym";
				ENABLE_NS_ASSERTIONS = NO;
				ENABLE_STRICT_OBJC_MSGSEND = YES;
				GCC_C_LANGUAGE_STANDARD = gnu11;
				GCC_NO_COMMON_BLOCKS = YES;
				GCC_WARN_64_TO_32_BIT_CONVERSION = YES;
				GCC_WARN_ABOUT_RETURN_TYPE = YES_ERROR;
				GCC_WARN_UNDECLARED_SELECTOR = YES;
				GCC_WARN_UNINITIALIZED_AUTOS = YES_AGGRESSIVE;
				GCC_WARN_UNUSED_FUNCTION = YES;
				GCC_WARN_UNUSED_VARIABLE = YES;
				IPHONEOS_DEPLOYMENT_TARGET = 14.5;
				MTL_ENABLE_DEBUG_INFO = NO;
				MTL_FAST_MATH = YES;
				SDKROOT = iphoneos;
				SWIFT_COMPILATION_MODE = wholemodule;
				SWIFT_OPTIMIZATION_LEVEL = "-O";
				VALIDATE_PRODUCT = YES;
			};
			name = Release;
		};
		96F0C3FD26B182B400AF1927 /* Debug */ = {
			isa = XCBuildConfiguration;
			buildSettings = {
				ASSETCATALOG_COMPILER_APPICON_NAME = AppIcon;
				ASSETCATALOG_COMPILER_GLOBAL_ACCENT_COLOR_NAME = AccentColor;
				CODE_SIGN_STYLE = Automatic;
				DEVELOPMENT_TEAM = Q2AATBYW8Z;
				INFOPLIST_FILE = ObjectiveChartExample/Info.plist;
				LD_RUNPATH_SEARCH_PATHS = (
					"$(inherited)",
					"@executable_path/Frameworks",
				);
				PRODUCT_BUNDLE_IDENTIFIER = com.henriquepcosta.ObjectiveChartExample;
				PRODUCT_NAME = "$(TARGET_NAME)";
				SWIFT_VERSION = 5.0;
				TARGETED_DEVICE_FAMILY = 1;
			};
			name = Debug;
		};
		96F0C3FE26B182B400AF1927 /* Release */ = {
			isa = XCBuildConfiguration;
			buildSettings = {
				ASSETCATALOG_COMPILER_APPICON_NAME = AppIcon;
				ASSETCATALOG_COMPILER_GLOBAL_ACCENT_COLOR_NAME = AccentColor;
				CODE_SIGN_STYLE = Automatic;
				DEVELOPMENT_TEAM = Q2AATBYW8Z;
				INFOPLIST_FILE = ObjectiveChartExample/Info.plist;
				LD_RUNPATH_SEARCH_PATHS = (
					"$(inherited)",
					"@executable_path/Frameworks",
				);
				PRODUCT_BUNDLE_IDENTIFIER = com.henriquepcosta.ObjectiveChartExample;
				PRODUCT_NAME = "$(TARGET_NAME)";
				SWIFT_VERSION = 5.0;
				TARGETED_DEVICE_FAMILY = 1;
			};
			name = Release;
		};
/* End XCBuildConfiguration section */

/* Begin XCConfigurationList section */
		96F0C3E326B182B300AF1927 /* Build configuration list for PBXProject "ObjectiveChartExample" */ = {
			isa = XCConfigurationList;
			buildConfigurations = (
				96F0C3FA26B182B400AF1927 /* Debug */,
				96F0C3FB26B182B400AF1927 /* Release */,
			);
			defaultConfigurationIsVisible = 0;
			defaultConfigurationName = Release;
		};
		96F0C3FC26B182B400AF1927 /* Build configuration list for PBXNativeTarget "ObjectiveChartExample" */ = {
			isa = XCConfigurationList;
			buildConfigurations = (
				96F0C3FD26B182B400AF1927 /* Debug */,
				96F0C3FE26B182B400AF1927 /* Release */,
			);
			defaultConfigurationIsVisible = 0;
			defaultConfigurationName = Release;
		};
/* End XCConfigurationList section */

/* Begin XCRemoteSwiftPackageReference section */
		9652090626B2F04C00E082AB /* XCRemoteSwiftPackageReference "ObjectiveChart" */ = {
			isa = XCRemoteSwiftPackageReference;
			repositoryURL = "https://github.com/tilucasoli/ObjectiveChart";
			requirement = {
				branch = main;
				kind = branch;
			};
		};
/* End XCRemoteSwiftPackageReference section */

/* Begin XCSwiftPackageProductDependency section */
		9652090726B2F04C00E082AB /* ObjectiveChart */ = {
			isa = XCSwiftPackageProductDependency;
			package = 9652090626B2F04C00E082AB /* XCRemoteSwiftPackageReference "ObjectiveChart" */;
			productName = ObjectiveChart;
		};
/* End XCSwiftPackageProductDependency section */
	};
	rootObject = 96F0C3E026B182B300AF1927 /* Project object */;
}
